
Microsoft Visual Studio Solution File, Format Version 12.00
# Visual Studio Version 17
VisualStudioVersion = 17.9.34714.143
MinimumVisualStudioVersion = 10.0.40219.1
Project("{9A19103F-16F7-4668-BE54-9A1E7A4F7556}") = "Marketplace", "Marketplace.csproj", "{69209CC0-61AA-40CF-A41F-94B22246E4F7}"
EndProject
Project("{FAE04EC0-301F-11D3-BF4B-00C04F79EFBC}") = "Marketplace.Test", "..\Marketplace.Test\Marketplace.Test.csproj", "{476572AB-8CA0-4B23-B59C-F0CDB6880EC2}"
EndProject
Global
	GlobalSection(SolutionConfigurationPlatforms) = preSolution
		Debug|Any CPU = Debug|Any CPU
		Release|Any CPU = Release|Any CPU
	EndGlobalSection
	GlobalSection(ProjectConfigurationPlatforms) = postSolution
		{69209CC0-61AA-40CF-A41F-94B22246E4F7}.Debug|Any CPU.ActiveCfg = Debug|Any CPU
		{69209CC0-61AA-40CF-A41F-94B22246E4F7}.Debug|Any CPU.Build.0 = Debug|Any CPU
		{69209CC0-61AA-40CF-A41F-94B22246E4F7}.Release|Any CPU.ActiveCfg = Release|Any CPU
		{69209CC0-61AA-40CF-A41F-94B22246E4F7}.Release|Any CPU.Build.0 = Release|Any CPU
		{476572AB-8CA0-4B23-B59C-F0CDB6880EC2}.Debug|Any CPU.ActiveCfg = Debug|Any CPU
		{476572AB-8CA0-4B23-B59C-F0CDB6880EC2}.Debug|Any CPU.Build.0 = Debug|Any CPU
		{476572AB-8CA0-4B23-B59C-F0CDB6880EC2}.Release|Any CPU.ActiveCfg = Release|Any CPU
		{476572AB-8CA0-4B23-B59C-F0CDB6880EC2}.Release|Any CPU.Build.0 = Release|Any CPU
	EndGlobalSection
	GlobalSection(SolutionProperties) = preSolution
		HideSolutionNode = FALSE
	EndGlobalSection
	GlobalSection(ExtensibilityGlobals) = postSolution
		SolutionGuid = {F65C6130-D482-4CC5-9318-9BC9FD24FAA3}
	EndGlobalSection
EndGlobal
